
Microsoft Visual Studio Solution File, Format Version 12.00
# Visual Studio Version 17
VisualStudioVersion = 17.2.32630.192
MinimumVisualStudioVersion = 10.0.40219.1
Project("{FAE04EC0-301F-11D3-BF4B-00C04F79EFBC}") = "Pelnomocnik", "Pelnomocnik.csproj", "{48566F47-164A-4059-8470-43D68F957099}"
EndProject
Global
	GlobalSection(SolutionConfigurationPlatforms) = preSolution
		Debug|Any CPU = Debug|Any CPU
		Release|Any CPU = Release|Any CPU
	EndGlobalSection
	GlobalSection(ProjectConfigurationPlatforms) = postSolution
		{48566F47-164A-4059-8470-43D68F957099}.Debug|Any CPU.ActiveCfg = Debug|Any CPU
		{48566F47-164A-4059-8470-43D68F957099}.Debug|Any CPU.Build.0 = Debug|Any CPU
		{48566F47-164A-4059-8470-43D68F957099}.Release|Any CPU.ActiveCfg = Release|Any CPU
		{48566F47-164A-4059-8470-43D68F957099}.Release|Any CPU.Build.0 = Release|Any CPU
	EndGlobalSection
	GlobalSection(SolutionProperties) = preSolution
		HideSolutionNode = FALSE
	EndGlobalSection
	GlobalSection(ExtensibilityGlobals) = postSolution
		SolutionGuid = {8FBC5894-B2F5-42C7-8E33-74696949D104}
	EndGlobalSection
EndGlobal
